
Microsoft Visual Studio Solution File, Format Version 12.00
# Visual Studio Version 17
VisualStudioVersion = 17.5.002.0
MinimumVisualStudioVersion = 10.0.40219.1
Project("{9A19103F-16F7-4668-BE54-9A1E7A4F7556}") = "Develop03", "Develop03.csproj", "{A463D34C-11AB-4F1F-9C1D-A48808AFDD73}"
EndProject
Global
	GlobalSection(SolutionConfigurationPlatforms) = preSolution
		Debug|Any CPU = Debug|Any CPU
		Release|Any CPU = Release|Any CPU
	EndGlobalSection
	GlobalSection(ProjectConfigurationPlatforms) = postSolution
		{A463D34C-11AB-4F1F-9C1D-A48808AFDD73}.Debug|Any CPU.ActiveCfg = Debug|Any CPU
		{A463D34C-11AB-4F1F-9C1D-A48808AFDD73}.Debug|Any CPU.Build.0 = Debug|Any CPU
		{A463D34C-11AB-4F1F-9C1D-A48808AFDD73}.Release|Any CPU.ActiveCfg = Release|Any CPU
		{A463D34C-11AB-4F1F-9C1D-A48808AFDD73}.Release|Any CPU.Build.0 = Release|Any CPU
	EndGlobalSection
	GlobalSection(SolutionProperties) = preSolution
		HideSolutionNode = FALSE
	EndGlobalSection
	GlobalSection(ExtensibilityGlobals) = postSolution
		SolutionGuid = {4555E034-50B7-45FE-B645-EAF842579F60}
	EndGlobalSection
EndGlobal
