
Microsoft Visual Studio Solution File, Format Version 12.00
# Visual Studio Version 17
VisualStudioVersion = 17.5.002.0
MinimumVisualStudioVersion = 10.0.40219.1
Project("{9A19103F-16F7-4668-BE54-9A1E7A4F7556}") = "Develop02", "Develop02.csproj", "{EC4E2183-C2FD-4310-9B36-690D70D03AEE}"
EndProject
Global
	GlobalSection(SolutionConfigurationPlatforms) = preSolution
		Debug|Any CPU = Debug|Any CPU
		Release|Any CPU = Release|Any CPU
	EndGlobalSection
	GlobalSection(ProjectConfigurationPlatforms) = postSolution
		{EC4E2183-C2FD-4310-9B36-690D70D03AEE}.Debug|Any CPU.ActiveCfg = Debug|Any CPU
		{EC4E2183-C2FD-4310-9B36-690D70D03AEE}.Debug|Any CPU.Build.0 = Debug|Any CPU
		{EC4E2183-C2FD-4310-9B36-690D70D03AEE}.Release|Any CPU.ActiveCfg = Release|Any CPU
		{EC4E2183-C2FD-4310-9B36-690D70D03AEE}.Release|Any CPU.Build.0 = Release|Any CPU
	EndGlobalSection
	GlobalSection(SolutionProperties) = preSolution
		HideSolutionNode = FALSE
	EndGlobalSection
	GlobalSection(ExtensibilityGlobals) = postSolution
		SolutionGuid = {02D565CD-7145-485E-8988-C49F032B9DDC}
	EndGlobalSection
EndGlobal
